
Microsoft Visual Studio Solution File, Format Version 12.00
# Visual Studio Version 17
VisualStudioVersion = 17.0.31903.59
MinimumVisualStudioVersion = 10.0.40219.1
Project("{FAE04EC0-301F-11D3-BF4B-00C04F79EFBC}") = "Application", "Application\Application.csproj", "{AD328FDB-76F2-4992-AB41-D624A53B75EA}"
EndProject
Project("{FAE04EC0-301F-11D3-BF4B-00C04F79EFBC}") = "MelbergFramework.Core", "MelbergFramework.Core\MelbergFramework.Core.csproj", "{95847B4E-AB66-48D1-9751-77C06194BEF5}"
EndProject
Project("{FAE04EC0-301F-11D3-BF4B-00C04F79EFBC}") = "MelbergFramework.Core.ComponentTesting", "MelbergFramework.Core.ComponentTesting\MelbergFramework.Core.ComponentTesting.csproj", "{B0D4671D-EE0A-480E-8DA9-296CF42B53B1}"
EndProject
Project("{FAE04EC0-301F-11D3-BF4B-00C04F79EFBC}") = "MelbergFramework.Application", "MelbergFramework.Application\MelbergFramework.Application.csproj", "{527AE06D-ED87-4432-AA3B-6CE902EB7C56}"
EndProject
Global
	GlobalSection(SolutionConfigurationPlatforms) = preSolution
		Debug|Any CPU = Debug|Any CPU
		Release|Any CPU = Release|Any CPU
	EndGlobalSection
	GlobalSection(SolutionProperties) = preSolution
		HideSolutionNode = FALSE
	EndGlobalSection
	GlobalSection(ProjectConfigurationPlatforms) = postSolution
		{AD328FDB-76F2-4992-AB41-D624A53B75EA}.Debug|Any CPU.ActiveCfg = Debug|Any CPU
		{AD328FDB-76F2-4992-AB41-D624A53B75EA}.Debug|Any CPU.Build.0 = Debug|Any CPU
		{AD328FDB-76F2-4992-AB41-D624A53B75EA}.Release|Any CPU.ActiveCfg = Release|Any CPU
		{AD328FDB-76F2-4992-AB41-D624A53B75EA}.Release|Any CPU.Build.0 = Release|Any CPU
		{95847B4E-AB66-48D1-9751-77C06194BEF5}.Debug|Any CPU.ActiveCfg = Debug|Any CPU
		{95847B4E-AB66-48D1-9751-77C06194BEF5}.Debug|Any CPU.Build.0 = Debug|Any CPU
		{95847B4E-AB66-48D1-9751-77C06194BEF5}.Release|Any CPU.ActiveCfg = Release|Any CPU
		{95847B4E-AB66-48D1-9751-77C06194BEF5}.Release|Any CPU.Build.0 = Release|Any CPU
		{B0D4671D-EE0A-480E-8DA9-296CF42B53B1}.Debug|Any CPU.ActiveCfg = Debug|Any CPU
		{B0D4671D-EE0A-480E-8DA9-296CF42B53B1}.Debug|Any CPU.Build.0 = Debug|Any CPU
		{B0D4671D-EE0A-480E-8DA9-296CF42B53B1}.Release|Any CPU.ActiveCfg = Release|Any CPU
		{B0D4671D-EE0A-480E-8DA9-296CF42B53B1}.Release|Any CPU.Build.0 = Release|Any CPU
		{527AE06D-ED87-4432-AA3B-6CE902EB7C56}.Debug|Any CPU.ActiveCfg = Debug|Any CPU
		{527AE06D-ED87-4432-AA3B-6CE902EB7C56}.Debug|Any CPU.Build.0 = Debug|Any CPU
		{527AE06D-ED87-4432-AA3B-6CE902EB7C56}.Release|Any CPU.ActiveCfg = Release|Any CPU
		{527AE06D-ED87-4432-AA3B-6CE902EB7C56}.Release|Any CPU.Build.0 = Release|Any CPU
	EndGlobalSection
EndGlobal
